<?xml version="1.0" encoding="utf-8"?>
<Project ToolsVersion="4.0" xmlns="http://schemas.microsoft.com/developer/msbuild/2003">
  <ItemGroup>
    <Filter Include="源文件">
      <UniqueIdentifier>{4FC737F1-C7A5-4376-A066-2A32D752A2FF}</UniqueIdentifier>
      <Extensions>cpp;c;cc;cxx;def;odl;idl;hpj;bat;asm;asmx</Extensions>
    </Filter>
    <Filter Include="头文件">
      <UniqueIdentifier>{93995380-89BD-4b04-88EB-625FBE52EBFB}</UniqueIdentifier>
      <Extensions>h;hpp;hxx;hm;inl;inc;xsd</Extensions>
    </Filter>
    <Filter Include="资源文件">
      <UniqueIdentifier>{67DA6AB6-F800-4c08-8B7A-83BB121AAD01}</UniqueIdentifier>
      <Extensions>rc;ico;cur;bmp;dlg;rc2;rct;bin;rgs;gif;jpg;jpeg;jpe;resx;tiff;tif;png;wav;mfcribbon-ms</Extensions>
    </Filter>
    <Filter Include="vin.include">
      <UniqueIdentifier>{0f32ddc3-e635-4790-8257-fa8bd1076aad}</UniqueIdentifier>
    </Filter>
    <Filter Include="vin.src">
      <UniqueIdentifier>{5c6071bf-3325-487f-9f4e-d8bfbf78c5c3}</UniqueIdentifier>
    </Filter>
  </ItemGroup>
  <ItemGroup>
    <Text Include="ReadMe.txt" />
  </ItemGroup>
  <ItemGroup>
    <ClInclude Include="stdafx.h">
      <Filter>头文件</Filter>
    </ClInclude>
    <ClInclude Include="targetver.h">
      <Filter>头文件</Filter>
    </ClInclude>
    <ClInclude Include="vin64.h">
      <Filter>头文件</Filter>
    </ClInclude>
    <ClInclude Include="..\utils\bitmap.h">
      <Filter>头文件</Filter>
    </ClInclude>
    <ClInclude Include="mm.h">
      <Filter>头文件</Filter>
    </ClInclude>
    <ClInclude Include="..\utils\dlinklist.h">
      <Filter>头文件</Filter>
    </ClInclude>
    <ClInclude Include="umo.h">
      <Filter>头文件</Filter>
    </ClInclude>
    <ClInclude Include="kmo.h">
      <Filter>头文件</Filter>
    </ClInclude>
    <ClInclude Include="kbo.h">
      <Filter>头文件</Filter>
    </ClInclude>
    <ClInclude Include="..\include\vin64\kobase.h">
      <Filter>vin.include</Filter>
    </ClInclude>
    <ClInclude Include="..\include\vin64\kovfs.h">
      <Filter>vin.include</Filter>
    </ClInclude>
    <ClInclude Include="..\include\vin64\kerror.h">
      <Filter>vin.include</Filter>
    </ClInclude>
  </ItemGroup>
  <ItemGroup>
    <ClCompile Include="stdafx.cpp">
      <Filter>源文件</Filter>
    </ClCompile>
    <ClCompile Include="vos.cpp">
      <Filter>源文件</Filter>
    </ClCompile>
    <ClCompile Include="vram.cpp">
      <Filter>源文件</Filter>
    </ClCompile>
    <ClCompile Include="space.h">
      <Filter>源文件</Filter>
    </ClCompile>
    <ClCompile Include="kmo.cpp">
      <Filter>源文件</Filter>
    </ClCompile>
    <ClCompile Include="..\src\vin64\kobase.cpp">
      <Filter>vin.src</Filter>
    </ClCompile>
    <ClCompile Include="..\src\vin64\kovfs.cpp">
      <Filter>vin.src</Filter>
    </ClCompile>
  </ItemGroup>
</Project>